// !$*UTF8*$!
{
	archiveVersion = 1;
	classes = {
	};
	objectVersion = 46;
	objects = {

/* Begin PBXBuildFile section */
		7812358B1C4537DC00985ED6 /* AbstractLazyParser.swift in Sources */ = {isa = PBXBuildFile; fileRef = 781235531C4537DC00985ED6 /* AbstractLazyParser.swift */; };
		7812358C1C4537DC00985ED6 /* AbstractLazyParser.swift in Sources */ = {isa = PBXBuildFile; fileRef = 781235531C4537DC00985ED6 /* AbstractLazyParser.swift */; };
		7812358D1C4537DC00985ED6 /* PSDBytes.swift in Sources */ = {isa = PBXBuildFile; fileRef = 781235541C4537DC00985ED6 /* PSDBytes.swift */; };
		7812358E1C4537DC00985ED6 /* PSDBytes.swift in Sources */ = {isa = PBXBuildFile; fileRef = 781235541C4537DC00985ED6 /* PSDBytes.swift */; };
		7812358F1C4537DC00985ED6 /* ChannelInfo.swift in Sources */ = {isa = PBXBuildFile; fileRef = 781235561C4537DC00985ED6 /* ChannelInfo.swift */; };
		781235901C4537DC00985ED6 /* ChannelInfo.swift in Sources */ = {isa = PBXBuildFile; fileRef = 781235561C4537DC00985ED6 /* ChannelInfo.swift */; };
		781235911C4537DC00985ED6 /* ChannelRenderData.swift in Sources */ = {isa = PBXBuildFile; fileRef = 781235571C4537DC00985ED6 /* ChannelRenderData.swift */; };
		781235921C4537DC00985ED6 /* ChannelRenderData.swift in Sources */ = {isa = PBXBuildFile; fileRef = 781235571C4537DC00985ED6 /* ChannelRenderData.swift */; };
		781235931C4537DC00985ED6 /* ColorModeConsts.swift in Sources */ = {isa = PBXBuildFile; fileRef = 7812355D1C4537DC00985ED6 /* ColorModeConsts.swift */; };
		781235941C4537DC00985ED6 /* ColorModeConsts.swift in Sources */ = {isa = PBXBuildFile; fileRef = 7812355D1C4537DC00985ED6 /* ColorModeConsts.swift */; };
		781235951C4537DC00985ED6 /* FileVersionConsts.swift in Sources */ = {isa = PBXBuildFile; fileRef = 7812355E1C4537DC00985ED6 /* FileVersionConsts.swift */; };
		781235961C4537DC00985ED6 /* FileVersionConsts.swift in Sources */ = {isa = PBXBuildFile; fileRef = 7812355E1C4537DC00985ED6 /* FileVersionConsts.swift */; };
		781235971C4537DC00985ED6 /* Header.swift in Sources */ = {isa = PBXBuildFile; fileRef = 7812355F1C4537DC00985ED6 /* Header.swift */; };
		781235981C4537DC00985ED6 /* Header.swift in Sources */ = {isa = PBXBuildFile; fileRef = 7812355F1C4537DC00985ED6 /* Header.swift */; };
		781235991C4537DC00985ED6 /* ImageData.swift in Sources */ = {isa = PBXBuildFile; fileRef = 781235611C4537DC00985ED6 /* ImageData.swift */; };
		7812359A1C4537DC00985ED6 /* ImageData.swift in Sources */ = {isa = PBXBuildFile; fileRef = 781235611C4537DC00985ED6 /* ImageData.swift */; };
		7812359B1C4537DC00985ED6 /* AdditionalLayerInfo.swift in Sources */ = {isa = PBXBuildFile; fileRef = 781235641C4537DC00985ED6 /* AdditionalLayerInfo.swift */; };
		7812359C1C4537DC00985ED6 /* AdditionalLayerInfo.swift in Sources */ = {isa = PBXBuildFile; fileRef = 781235641C4537DC00985ED6 /* AdditionalLayerInfo.swift */; };
		7812359D1C4537DC00985ED6 /* AdditionalLayerInforFactory.swift in Sources */ = {isa = PBXBuildFile; fileRef = 781235651C4537DC00985ED6 /* AdditionalLayerInforFactory.swift */; };
		7812359E1C4537DC00985ED6 /* AdditionalLayerInforFactory.swift in Sources */ = {isa = PBXBuildFile; fileRef = 781235651C4537DC00985ED6 /* AdditionalLayerInforFactory.swift */; };
		7812359F1C4537DC00985ED6 /* AdditionalLayerInfoBase.swift in Sources */ = {isa = PBXBuildFile; fileRef = 781235671C4537DC00985ED6 /* AdditionalLayerInfoBase.swift */; };
		781235A01C4537DC00985ED6 /* AdditionalLayerInfoBase.swift in Sources */ = {isa = PBXBuildFile; fileRef = 781235671C4537DC00985ED6 /* AdditionalLayerInfoBase.swift */; };
		781235A11C4537DC00985ED6 /* IAdditionalLayerInfo.swift in Sources */ = {isa = PBXBuildFile; fileRef = 781235681C4537DC00985ED6 /* IAdditionalLayerInfo.swift */; };
		781235A21C4537DC00985ED6 /* IAdditionalLayerInfo.swift in Sources */ = {isa = PBXBuildFile; fileRef = 781235681C4537DC00985ED6 /* IAdditionalLayerInfo.swift */; };
		781235A31C4537DC00985ED6 /* BlackWhite.swift in Sources */ = {isa = PBXBuildFile; fileRef = 7812356A1C4537DC00985ED6 /* BlackWhite.swift */; };
		781235A41C4537DC00985ED6 /* BlackWhite.swift in Sources */ = {isa = PBXBuildFile; fileRef = 7812356A1C4537DC00985ED6 /* BlackWhite.swift */; };
		781235A51C4537DC00985ED6 /* BlendClippingElements.swift in Sources */ = {isa = PBXBuildFile; fileRef = 7812356B1C4537DC00985ED6 /* BlendClippingElements.swift */; };
		781235A61C4537DC00985ED6 /* BlendClippingElements.swift in Sources */ = {isa = PBXBuildFile; fileRef = 7812356B1C4537DC00985ED6 /* BlendClippingElements.swift */; };
		781235A71C4537DC00985ED6 /* BlendInteriorElements.swift in Sources */ = {isa = PBXBuildFile; fileRef = 7812356C1C4537DC00985ED6 /* BlendInteriorElements.swift */; };
		781235A81C4537DC00985ED6 /* BlendInteriorElements.swift in Sources */ = {isa = PBXBuildFile; fileRef = 7812356C1C4537DC00985ED6 /* BlendInteriorElements.swift */; };
		781235A91C4537DC00985ED6 /* BrightnessContrast.swift in Sources */ = {isa = PBXBuildFile; fileRef = 7812356D1C4537DC00985ED6 /* BrightnessContrast.swift */; };
		781235AA1C4537DC00985ED6 /* BrightnessContrast.swift in Sources */ = {isa = PBXBuildFile; fileRef = 7812356D1C4537DC00985ED6 /* BrightnessContrast.swift */; };
		781235AB1C4537DC00985ED6 /* ChannelMixer.swift in Sources */ = {isa = PBXBuildFile; fileRef = 7812356E1C4537DC00985ED6 /* ChannelMixer.swift */; };
		781235AC1C4537DC00985ED6 /* ChannelMixer.swift in Sources */ = {isa = PBXBuildFile; fileRef = 7812356E1C4537DC00985ED6 /* ChannelMixer.swift */; };
		781235AD1C4537DC00985ED6 /* ColorBalance.swift in Sources */ = {isa = PBXBuildFile; fileRef = 7812356F1C4537DC00985ED6 /* ColorBalance.swift */; };
		781235AE1C4537DC00985ED6 /* ColorBalance.swift in Sources */ = {isa = PBXBuildFile; fileRef = 7812356F1C4537DC00985ED6 /* ColorBalance.swift */; };
		781235AF1C4537DC00985ED6 /* ColorLookup.swift in Sources */ = {isa = PBXBuildFile; fileRef = 781235701C4537DC00985ED6 /* ColorLookup.swift */; };
		781235B01C4537DC00985ED6 /* ColorLookup.swift in Sources */ = {isa = PBXBuildFile; fileRef = 781235701C4537DC00985ED6 /* ColorLookup.swift */; };
		781235B11C4537DC00985ED6 /* ContentGenerator.swift in Sources */ = {isa = PBXBuildFile; fileRef = 781235711C4537DC00985ED6 /* ContentGenerator.swift */; };
		781235B21C4537DC00985ED6 /* ContentGenerator.swift in Sources */ = {isa = PBXBuildFile; fileRef = 781235711C4537DC00985ED6 /* ContentGenerator.swift */; };
		781235B31C4537DC00985ED6 /* Curves.swift in Sources */ = {isa = PBXBuildFile; fileRef = 781235721C4537DC00985ED6 /* Curves.swift */; };
		781235B41C4537DC00985ED6 /* Curves.swift in Sources */ = {isa = PBXBuildFile; fileRef = 781235721C4537DC00985ED6 /* Curves.swift */; };
		781235B51C4537DC00985ED6 /* Exposure.swift in Sources */ = {isa = PBXBuildFile; fileRef = 781235731C4537DC00985ED6 /* Exposure.swift */; };
		781235B61C4537DC00985ED6 /* Exposure.swift in Sources */ = {isa = PBXBuildFile; fileRef = 781235731C4537DC00985ED6 /* Exposure.swift */; };
		781235B71C4537DC00985ED6 /* FillOpacity.swift in Sources */ = {isa = PBXBuildFile; fileRef = 781235741C4537DC00985ED6 /* FillOpacity.swift */; };
		781235B81C4537DC00985ED6 /* FillOpacity.swift in Sources */ = {isa = PBXBuildFile; fileRef = 781235741C4537DC00985ED6 /* FillOpacity.swift */; };
		781235B91C4537DC00985ED6 /* GradientFill.swift in Sources */ = {isa = PBXBuildFile; fileRef = 781235751C4537DC00985ED6 /* GradientFill.swift */; };
		781235BA1C4537DC00985ED6 /* GradientFill.swift in Sources */ = {isa = PBXBuildFile; fileRef = 781235751C4537DC00985ED6 /* GradientFill.swift */; };
		781235BB1C4537DC00985ED6 /* GradientMap.swift in Sources */ = {isa = PBXBuildFile; fileRef = 781235761C4537DC00985ED6 /* GradientMap.swift */; };
		781235BC1C4537DC00985ED6 /* GradientMap.swift in Sources */ = {isa = PBXBuildFile; fileRef = 781235761C4537DC00985ED6 /* GradientMap.swift */; };
		781235BD1C4537DC00985ED6 /* HueSaturation.swift in Sources */ = {isa = PBXBuildFile; fileRef = 781235771C4537DC00985ED6 /* HueSaturation.swift */; };
		781235BE1C4537DC00985ED6 /* HueSaturation.swift in Sources */ = {isa = PBXBuildFile; fileRef = 781235771C4537DC00985ED6 /* HueSaturation.swift */; };
		781235BF1C4537DC00985ED6 /* Invert.swift in Sources */ = {isa = PBXBuildFile; fileRef = 781235781C4537DC00985ED6 /* Invert.swift */; };
		781235C01C4537DC00985ED6 /* Invert.swift in Sources */ = {isa = PBXBuildFile; fileRef = 781235781C4537DC00985ED6 /* Invert.swift */; };
		781235C11C4537DC00985ED6 /* LayerID.swift in Sources */ = {isa = PBXBuildFile; fileRef = 781235791C4537DC00985ED6 /* LayerID.swift */; };
		781235C21C4537DC00985ED6 /* LayerID.swift in Sources */ = {isa = PBXBuildFile; fileRef = 781235791C4537DC00985ED6 /* LayerID.swift */; };
		781235C31C4537DC00985ED6 /* LayerNameSource.swift in Sources */ = {isa = PBXBuildFile; fileRef = 7812357A1C4537DC00985ED6 /* LayerNameSource.swift */; };
		781235C41C4537DC00985ED6 /* LayerNameSource.swift in Sources */ = {isa = PBXBuildFile; fileRef = 7812357A1C4537DC00985ED6 /* LayerNameSource.swift */; };
		781235C51C4537DC00985ED6 /* LayerSectionDivider.swift in Sources */ = {isa = PBXBuildFile; fileRef = 7812357B1C4537DC00985ED6 /* LayerSectionDivider.swift */; };
		781235C61C4537DC00985ED6 /* LayerSectionDivider.swift in Sources */ = {isa = PBXBuildFile; fileRef = 7812357B1C4537DC00985ED6 /* LayerSectionDivider.swift */; };
		781235C71C4537DC00985ED6 /* TypeTool.swift in Sources */ = {isa = PBXBuildFile; fileRef = 7812357C1C4537DC00985ED6 /* TypeTool.swift */; };
		781235C81C4537DC00985ED6 /* TypeTool.swift in Sources */ = {isa = PBXBuildFile; fileRef = 7812357C1C4537DC00985ED6 /* TypeTool.swift */; };
		781235C91C4537DC00985ED6 /* LayerRAWParser.swift in Sources */ = {isa = PBXBuildFile; fileRef = 7812357E1C4537DC00985ED6 /* LayerRAWParser.swift */; };
		781235CA1C4537DC00985ED6 /* LayerRAWParser.swift in Sources */ = {isa = PBXBuildFile; fileRef = 7812357E1C4537DC00985ED6 /* LayerRAWParser.swift */; };
		781235CB1C4537DC00985ED6 /* LayerRLEParser.swift in Sources */ = {isa = PBXBuildFile; fileRef = 7812357F1C4537DC00985ED6 /* LayerRLEParser.swift */; };
		781235CC1C4537DC00985ED6 /* LayerRLEParser.swift in Sources */ = {isa = PBXBuildFile; fileRef = 7812357F1C4537DC00985ED6 /* LayerRLEParser.swift */; };
		781235CD1C4537DC00985ED6 /* LayerZIPParser.swift in Sources */ = {isa = PBXBuildFile; fileRef = 781235801C4537DC00985ED6 /* LayerZIPParser.swift */; };
		781235CE1C4537DC00985ED6 /* LayerZIPParser.swift in Sources */ = {isa = PBXBuildFile; fileRef = 781235801C4537DC00985ED6 /* LayerZIPParser.swift */; };
		781235CF1C4537DC00985ED6 /* RAWParser.swift in Sources */ = {isa = PBXBuildFile; fileRef = 781235811C4537DC00985ED6 /* RAWParser.swift */; };
		781235D01C4537DC00985ED6 /* RAWParser.swift in Sources */ = {isa = PBXBuildFile; fileRef = 781235811C4537DC00985ED6 /* RAWParser.swift */; };
		781235D11C4537DC00985ED6 /* RLEParser.swift in Sources */ = {isa = PBXBuildFile; fileRef = 781235821C4537DC00985ED6 /* RLEParser.swift */; };
		781235D21C4537DC00985ED6 /* RLEParser.swift in Sources */ = {isa = PBXBuildFile; fileRef = 781235821C4537DC00985ED6 /* RLEParser.swift */; };
		781235D31C4537DC00985ED6 /* ZIPParser.swift in Sources */ = {isa = PBXBuildFile; fileRef = 781235831C4537DC00985ED6 /* ZIPParser.swift */; };
		781235D41C4537DC00985ED6 /* ZIPParser.swift in Sources */ = {isa = PBXBuildFile; fileRef = 781235831C4537DC00985ED6 /* ZIPParser.swift */; };
		781235D51C4537DC00985ED6 /* LayerRecord.swift in Sources */ = {isa = PBXBuildFile; fileRef = 781235841C4537DC00985ED6 /* LayerRecord.swift */; };
		781235D61C4537DC00985ED6 /* LayerRecord.swift in Sources */ = {isa = PBXBuildFile; fileRef = 781235841C4537DC00985ED6 /* LayerRecord.swift */; };
		781235D71C4537DC00985ED6 /* Descriptor.swift in Sources */ = {isa = PBXBuildFile; fileRef = 781235871C4537DC00985ED6 /* Descriptor.swift */; };
		781235D81C4537DC00985ED6 /* Descriptor.swift in Sources */ = {isa = PBXBuildFile; fileRef = 781235871C4537DC00985ED6 /* Descriptor.swift */; };
		781235D91C4537DC00985ED6 /* Logger.swift in Sources */ = {isa = PBXBuildFile; fileRef = 781235891C4537DC00985ED6 /* Logger.swift */; };
		781235DA1C4537DC00985ED6 /* Logger.swift in Sources */ = {isa = PBXBuildFile; fileRef = 781235891C4537DC00985ED6 /* Logger.swift */; };
		781235DB1C4537DC00985ED6 /* PsdUtil.swift in Sources */ = {isa = PBXBuildFile; fileRef = 7812358A1C4537DC00985ED6 /* PsdUtil.swift */; };
		781235DC1C4537DC00985ED6 /* PsdUtil.swift in Sources */ = {isa = PBXBuildFile; fileRef = 7812358A1C4537DC00985ED6 /* PsdUtil.swift */; };
		7830EA911C3AF1B80059DC06 /* StringExtension.swift in Sources */ = {isa = PBXBuildFile; fileRef = 7830EA901C3AF1B80059DC06 /* StringExtension.swift */; };
		7830EA921C3AF1B80059DC06 /* StringExtension.swift in Sources */ = {isa = PBXBuildFile; fileRef = 7830EA901C3AF1B80059DC06 /* StringExtension.swift */; };
		783889101C5693EE00417864 /* NSArrayExtension.swift in Sources */ = {isa = PBXBuildFile; fileRef = 7838890E1C5693EE00417864 /* NSArrayExtension.swift */; };
		783889111C5693EE00417864 /* NSArrayExtension.swift in Sources */ = {isa = PBXBuildFile; fileRef = 7838890E1C5693EE00417864 /* NSArrayExtension.swift */; };
		783889121C5693EE00417864 /* NSMutableArrayExtension.swift in Sources */ = {isa = PBXBuildFile; fileRef = 7838890F1C5693EE00417864 /* NSMutableArrayExtension.swift */; };
		783889131C5693EE00417864 /* NSMutableArrayExtension.swift in Sources */ = {isa = PBXBuildFile; fileRef = 7838890F1C5693EE00417864 /* NSMutableArrayExtension.swift */; };
		78448C101C4538820073B5B0 /* StringUtil.swift in Sources */ = {isa = PBXBuildFile; fileRef = 78448C0F1C4538820073B5B0 /* StringUtil.swift */; };
		78448C111C4538820073B5B0 /* StringUtil.swift in Sources */ = {isa = PBXBuildFile; fileRef = 78448C0F1C4538820073B5B0 /* StringUtil.swift */; };
		78448C131C45525D0073B5B0 /* EngineData.swift in Sources */ = {isa = PBXBuildFile; fileRef = 78448C121C45525D0073B5B0 /* EngineData.swift */; };
		78448C141C45525D0073B5B0 /* EngineData.swift in Sources */ = {isa = PBXBuildFile; fileRef = 78448C121C45525D0073B5B0 /* EngineData.swift */; };
		78448C161C4552BD0073B5B0 /* TextLines.swift in Sources */ = {isa = PBXBuildFile; fileRef = 78448C151C4552BD0073B5B0 /* TextLines.swift */; };
		78448C171C4552BD0073B5B0 /* TextLines.swift in Sources */ = {isa = PBXBuildFile; fileRef = 78448C151C4552BD0073B5B0 /* TextLines.swift */; };
		78448C191C455B4C0073B5B0 /* AbstractInstruction.swift in Sources */ = {isa = PBXBuildFile; fileRef = 78448C181C455B4C0073B5B0 /* AbstractInstruction.swift */; };
		78448C1A1C455B4C0073B5B0 /* AbstractInstruction.swift in Sources */ = {isa = PBXBuildFile; fileRef = 78448C181C455B4C0073B5B0 /* AbstractInstruction.swift */; };
		78448C1F1C457C6D0073B5B0 /* RegExp.swift in Sources */ = {isa = PBXBuildFile; fileRef = 78448C1E1C457C6D0073B5B0 /* RegExp.swift */; };
		78448C201C457C6D0073B5B0 /* RegExp.swift in Sources */ = {isa = PBXBuildFile; fileRef = 78448C1E1C457C6D0073B5B0 /* RegExp.swift */; };
		7876B9071C3442120016ABF2 /* psd.framework in Frameworks */ = {isa = PBXBuildFile; fileRef = 7876B8FC1C3442120016ABF2 /* psd.framework */; };
		7876B90C1C3442120016ABF2 /* psd_swiftTests.swift in Sources */ = {isa = PBXBuildFile; fileRef = 7876B90B1C3442120016ABF2 /* psd_swiftTests.swift */; };
		7876B9251C34426D0016ABF2 /* psd.framework in Frameworks */ = {isa = PBXBuildFile; fileRef = 7876B91B1C34426D0016ABF2 /* psd.framework */; };
		7876B9351C3442B30016ABF2 /* psd.swift.h in Headers */ = {isa = PBXBuildFile; fileRef = 7876B9341C3442AA0016ABF2 /* psd.swift.h */; settings = {ATTRIBUTES = (Public, ); }; };
		7876B9361C3442B40016ABF2 /* psd.swift.h in Headers */ = {isa = PBXBuildFile; fileRef = 7876B9341C3442AA0016ABF2 /* psd.swift.h */; settings = {ATTRIBUTES = (Public, ); }; };
		7876B93C1C3443A90016ABF2 /* ByteArray.swift in Sources */ = {isa = PBXBuildFile; fileRef = 7876B9391C3443A90016ABF2 /* ByteArray.swift */; };
		7876B93D1C3443A90016ABF2 /* ByteArray.swift in Sources */ = {isa = PBXBuildFile; fileRef = 7876B9391C3443A90016ABF2 /* ByteArray.swift */; };
		7876B93E1C3443A90016ABF2 /* CompressionAlgorithm.swift in Sources */ = {isa = PBXBuildFile; fileRef = 7876B93A1C3443A90016ABF2 /* CompressionAlgorithm.swift */; };
		7876B93F1C3443A90016ABF2 /* CompressionAlgorithm.swift in Sources */ = {isa = PBXBuildFile; fileRef = 7876B93A1C3443A90016ABF2 /* CompressionAlgorithm.swift */; };
		7876B9401C3443A90016ABF2 /* Endian.swift in Sources */ = {isa = PBXBuildFile; fileRef = 7876B93B1C3443A90016ABF2 /* Endian.swift */; };
		7876B9411C3443A90016ABF2 /* Endian.swift in Sources */ = {isa = PBXBuildFile; fileRef = 7876B93B1C3443A90016ABF2 /* Endian.swift */; };
		7876B9431C3443DB0016ABF2 /* libz.tbd in Frameworks */ = {isa = PBXBuildFile; fileRef = 7876B9421C3443DB0016ABF2 /* libz.tbd */; };
		7876B9451C3443E70016ABF2 /* libz.tbd in Frameworks */ = {isa = PBXBuildFile; fileRef = 7876B9441C3443E70016ABF2 /* libz.tbd */; };
		7876B9471C3444710016ABF2 /* libcompression.tbd in Frameworks */ = {isa = PBXBuildFile; fileRef = 7876B9461C3444710016ABF2 /* libcompression.tbd */; };
		7876B9491C3444780016ABF2 /* libcompression.tbd in Frameworks */ = {isa = PBXBuildFile; fileRef = 7876B9481C3444780016ABF2 /* libcompression.tbd */; };
		7876B94C1C3445100016ABF2 /* zlib in Resources */ = {isa = PBXBuildFile; fileRef = 7876B94B1C3445100016ABF2 /* zlib */; };
		7876B94D1C3445100016ABF2 /* zlib in Resources */ = {isa = PBXBuildFile; fileRef = 7876B94B1C3445100016ABF2 /* zlib */; };
		78AEB2C31C46BD4900A7890E /* InstrBoolean.swift in Sources */ = {isa = PBXBuildFile; fileRef = 78AEB2B71C46BD4900A7890E /* InstrBoolean.swift */; };
		78AEB2C41C46BD4900A7890E /* InstrBoolean.swift in Sources */ = {isa = PBXBuildFile; fileRef = 78AEB2B71C46BD4900A7890E /* InstrBoolean.swift */; };
		78AEB2C51C46BD4900A7890E /* InstrEmpty.swift in Sources */ = {isa = PBXBuildFile; fileRef = 78AEB2B81C46BD4900A7890E /* InstrEmpty.swift */; };
		78AEB2C61C46BD4900A7890E /* InstrEmpty.swift in Sources */ = {isa = PBXBuildFile; fileRef = 78AEB2B81C46BD4900A7890E /* InstrEmpty.swift */; };
		78AEB2C71C46BD4900A7890E /* InstrMultiLineArrayEnd.swift in Sources */ = {isa = PBXBuildFile; fileRef = 78AEB2B91C46BD4900A7890E /* InstrMultiLineArrayEnd.swift */; };
		78AEB2C81C46BD4900A7890E /* InstrMultiLineArrayEnd.swift in Sources */ = {isa = PBXBuildFile; fileRef = 78AEB2B91C46BD4900A7890E /* InstrMultiLineArrayEnd.swift */; };
		78AEB2C91C46BD4900A7890E /* InstrMultiLineArrayStart.swift in Sources */ = {isa = PBXBuildFile; fileRef = 78AEB2BA1C46BD4900A7890E /* InstrMultiLineArrayStart.swift */; };
		78AEB2CA1C46BD4900A7890E /* InstrMultiLineArrayStart.swift in Sources */ = {isa = PBXBuildFile; fileRef = 78AEB2BA1C46BD4900A7890E /* InstrMultiLineArrayStart.swift */; };
		78AEB2CB1C46BD4900A7890E /* InstrNumber.swift in Sources */ = {isa = PBXBuildFile; fileRef = 78AEB2BB1C46BD4900A7890E /* InstrNumber.swift */; };
		78AEB2CC1C46BD4900A7890E /* InstrNumber.swift in Sources */ = {isa = PBXBuildFile; fileRef = 78AEB2BB1C46BD4900A7890E /* InstrNumber.swift */; };
		78AEB2CD1C46BD4900A7890E /* InstrNumberWithDecimal.swift in Sources */ = {isa = PBXBuildFile; fileRef = 78AEB2BC1C46BD4900A7890E /* InstrNumberWithDecimal.swift */; };
		78AEB2CE1C46BD4900A7890E /* InstrNumberWithDecimal.swift in Sources */ = {isa = PBXBuildFile; fileRef = 78AEB2BC1C46BD4900A7890E /* InstrNumberWithDecimal.swift */; };
		78AEB2CF1C46BD4900A7890E /* InstrObjectEnd.swift in Sources */ = {isa = PBXBuildFile; fileRef = 78AEB2BD1C46BD4900A7890E /* InstrObjectEnd.swift */; };
		78AEB2D01C46BD4900A7890E /* InstrObjectEnd.swift in Sources */ = {isa = PBXBuildFile; fileRef = 78AEB2BD1C46BD4900A7890E /* InstrObjectEnd.swift */; };
		78AEB2D11C46BD4900A7890E /* InstrObjectStart.swift in Sources */ = {isa = PBXBuildFile; fileRef = 78AEB2BE1C46BD4900A7890E /* InstrObjectStart.swift */; };
		78AEB2D21C46BD4900A7890E /* InstrObjectStart.swift in Sources */ = {isa = PBXBuildFile; fileRef = 78AEB2BE1C46BD4900A7890E /* InstrObjectStart.swift */; };
		78AEB2D31C46BD4900A7890E /* InstrProperty.swift in Sources */ = {isa = PBXBuildFile; fileRef = 78AEB2BF1C46BD4900A7890E /* InstrProperty.swift */; };
		78AEB2D41C46BD4900A7890E /* InstrProperty.swift in Sources */ = {isa = PBXBuildFile; fileRef = 78AEB2BF1C46BD4900A7890E /* InstrProperty.swift */; };
		78AEB2D51C46BD4900A7890E /* InstrPropertyWithData.swift in Sources */ = {isa = PBXBuildFile; fileRef = 78AEB2C01C46BD4900A7890E /* InstrPropertyWithData.swift */; };
		78AEB2D61C46BD4900A7890E /* InstrPropertyWithData.swift in Sources */ = {isa = PBXBuildFile; fileRef = 78AEB2C01C46BD4900A7890E /* InstrPropertyWithData.swift */; };
		78AEB2D71C46BD4900A7890E /* InstrSingleLineArray.swift in Sources */ = {isa = PBXBuildFile; fileRef = 78AEB2C11C46BD4900A7890E /* InstrSingleLineArray.swift */; };
		78AEB2D81C46BD4900A7890E /* InstrSingleLineArray.swift in Sources */ = {isa = PBXBuildFile; fileRef = 78AEB2C11C46BD4900A7890E /* InstrSingleLineArray.swift */; };
		78AEB2D91C46BD4900A7890E /* InstrString.swift in Sources */ = {isa = PBXBuildFile; fileRef = 78AEB2C21C46BD4900A7890E /* InstrString.swift */; };
		78AEB2DA1C46BD4900A7890E /* InstrString.swift in Sources */ = {isa = PBXBuildFile; fileRef = 78AEB2C21C46BD4900A7890E /* InstrString.swift */; };
/* End PBXBuildFile section */

/* Begin PBXContainerItemProxy section */
		7876B9081C3442120016ABF2 /* PBXContainerItemProxy */ = {
			isa = PBXContainerItemProxy;
			containerPortal = 7876B8F31C3442120016ABF2 /* Project object */;
			proxyType = 1;
			remoteGlobalIDString = 7876B8FB1C3442120016ABF2;
			remoteInfo = psd.swift;
		};
		7876B9261C34426D0016ABF2 /* PBXContainerItemProxy */ = {
			isa = PBXContainerItemProxy;
			containerPortal = 7876B8F31C3442120016ABF2 /* Project object */;
			proxyType = 1;
			remoteGlobalIDString = 7876B91A1C34426D0016ABF2;
			remoteInfo = psdOSX;
		};
/* End PBXContainerItemProxy section */

/* Begin PBXFileReference section */
		781235531C4537DC00985ED6 /* AbstractLazyParser.swift */ = {isa = PBXFileReference; fileEncoding = 4; lastKnownFileType = sourcecode.swift; path = AbstractLazyParser.swift; sourceTree = "<group>"; };
		781235541C4537DC00985ED6 /* PSDBytes.swift */ = {isa = PBXFileReference; fileEncoding = 4; lastKnownFileType = sourcecode.swift; path = PSDBytes.swift; sourceTree = "<group>"; };
		781235561C4537DC00985ED6 /* ChannelInfo.swift */ = {isa = PBXFileReference; fileEncoding = 4; lastKnownFileType = sourcecode.swift; path = ChannelInfo.swift; sourceTree = "<group>"; };
		781235571C4537DC00985ED6 /* ChannelRenderData.swift */ = {isa = PBXFileReference; fileEncoding = 4; lastKnownFileType = sourcecode.swift; path = ChannelRenderData.swift; sourceTree = "<group>"; };
		7812355D1C4537DC00985ED6 /* ColorModeConsts.swift */ = {isa = PBXFileReference; fileEncoding = 4; lastKnownFileType = sourcecode.swift; path = ColorModeConsts.swift; sourceTree = "<group>"; };
		7812355E1C4537DC00985ED6 /* FileVersionConsts.swift */ = {isa = PBXFileReference; fileEncoding = 4; lastKnownFileType = sourcecode.swift; path = FileVersionConsts.swift; sourceTree = "<group>"; };
		7812355F1C4537DC00985ED6 /* Header.swift */ = {isa = PBXFileReference; fileEncoding = 4; lastKnownFileType = sourcecode.swift; path = Header.swift; sourceTree = "<group>"; };
		781235611C4537DC00985ED6 /* ImageData.swift */ = {isa = PBXFileReference; fileEncoding = 4; lastKnownFileType = sourcecode.swift; path = ImageData.swift; sourceTree = "<group>"; };
		781235641C4537DC00985ED6 /* AdditionalLayerInfo.swift */ = {isa = PBXFileReference; fileEncoding = 4; lastKnownFileType = sourcecode.swift; path = AdditionalLayerInfo.swift; sourceTree = "<group>"; };
		781235651C4537DC00985ED6 /* AdditionalLayerInforFactory.swift */ = {isa = PBXFileReference; fileEncoding = 4; lastKnownFileType = sourcecode.swift; path = AdditionalLayerInforFactory.swift; sourceTree = "<group>"; };
		781235671C4537DC00985ED6 /* AdditionalLayerInfoBase.swift */ = {isa = PBXFileReference; fileEncoding = 4; lastKnownFileType = sourcecode.swift; path = AdditionalLayerInfoBase.swift; sourceTree = "<group>"; };
		781235681C4537DC00985ED6 /* IAdditionalLayerInfo.swift */ = {isa = PBXFileReference; fileEncoding = 4; lastKnownFileType = sourcecode.swift; path = IAdditionalLayerInfo.swift; sourceTree = "<group>"; };
		7812356A1C4537DC00985ED6 /* BlackWhite.swift */ = {isa = PBXFileReference; fileEncoding = 4; lastKnownFileType = sourcecode.swift; path = BlackWhite.swift; sourceTree = "<group>"; };
		7812356B1C4537DC00985ED6 /* BlendClippingElements.swift */ = {isa = PBXFileReference; fileEncoding = 4; lastKnownFileType = sourcecode.swift; path = BlendClippingElements.swift; sourceTree = "<group>"; };
		7812356C1C4537DC00985ED6 /* BlendInteriorElements.swift */ = {isa = PBXFileReference; fileEncoding = 4; lastKnownFileType = sourcecode.swift; path = BlendInteriorElements.swift; sourceTree = "<group>"; };
		7812356D1C4537DC00985ED6 /* BrightnessContrast.swift */ = {isa = PBXFileReference; fileEncoding = 4; lastKnownFileType = sourcecode.swift; path = BrightnessContrast.swift; sourceTree = "<group>"; };
		7812356E1C4537DC00985ED6 /* ChannelMixer.swift */ = {isa = PBXFileReference; fileEncoding = 4; lastKnownFileType = sourcecode.swift; path = ChannelMixer.swift; sourceTree = "<group>"; };
		7812356F1C4537DC00985ED6 /* ColorBalance.swift */ = {isa = PBXFileReference; fileEncoding = 4; lastKnownFileType = sourcecode.swift; path = ColorBalance.swift; sourceTree = "<group>"; };
		781235701C4537DC00985ED6 /* ColorLookup.swift */ = {isa = PBXFileReference; fileEncoding = 4; lastKnownFileType = sourcecode.swift; path = ColorLookup.swift; sourceTree = "<group>"; };
		781235711C4537DC00985ED6 /* ContentGenerator.swift */ = {isa = PBXFileReference; fileEncoding = 4; lastKnownFileType = sourcecode.swift; path = ContentGenerator.swift; sourceTree = "<group>"; };
		781235721C4537DC00985ED6 /* Curves.swift */ = {isa = PBXFileReference; fileEncoding = 4; lastKnownFileType = sourcecode.swift; path = Curves.swift; sourceTree = "<group>"; };
		781235731C4537DC00985ED6 /* Exposure.swift */ = {isa = PBXFileReference; fileEncoding = 4; lastKnownFileType = sourcecode.swift; path = Exposure.swift; sourceTree = "<group>"; };
		781235741C4537DC00985ED6 /* FillOpacity.swift */ = {isa = PBXFileReference; fileEncoding = 4; lastKnownFileType = sourcecode.swift; path = FillOpacity.swift; sourceTree = "<group>"; };
		781235751C4537DC00985ED6 /* GradientFill.swift */ = {isa = PBXFileReference; fileEncoding = 4; lastKnownFileType = sourcecode.swift; path = GradientFill.swift; sourceTree = "<group>"; };
		781235761C4537DC00985ED6 /* GradientMap.swift */ = {isa = PBXFileReference; fileEncoding = 4; lastKnownFileType = sourcecode.swift; path = GradientMap.swift; sourceTree = "<group>"; };
		781235771C4537DC00985ED6 /* HueSaturation.swift */ = {isa = PBXFileReference; fileEncoding = 4; lastKnownFileType = sourcecode.swift; path = HueSaturation.swift; sourceTree = "<group>"; };
		781235781C4537DC00985ED6 /* Invert.swift */ = {isa = PBXFileReference; fileEncoding = 4; lastKnownFileType = sourcecode.swift; path = Invert.swift; sourceTree = "<group>"; };
		781235791C4537DC00985ED6 /* LayerID.swift */ = {isa = PBXFileReference; fileEncoding = 4; lastKnownFileType = sourcecode.swift; path = LayerID.swift; sourceTree = "<group>"; };
		7812357A1C4537DC00985ED6 /* LayerNameSource.swift */ = {isa = PBXFileReference; fileEncoding = 4; lastKnownFileType = sourcecode.swift; path = LayerNameSource.swift; sourceTree = "<group>"; };
		7812357B1C4537DC00985ED6 /* LayerSectionDivider.swift */ = {isa = PBXFileReference; fileEncoding = 4; lastKnownFileType = sourcecode.swift; path = LayerSectionDivider.swift; sourceTree = "<group>"; };
		7812357C1C4537DC00985ED6 /* TypeTool.swift */ = {isa = PBXFileReference; fileEncoding = 4; lastKnownFileType = sourcecode.swift; path = TypeTool.swift; sourceTree = "<group>"; };
		7812357E1C4537DC00985ED6 /* LayerRAWParser.swift */ = {isa = PBXFileReference; fileEncoding = 4; lastKnownFileType = sourcecode.swift; path = LayerRAWParser.swift; sourceTree = "<group>"; };
		7812357F1C4537DC00985ED6 /* LayerRLEParser.swift */ = {isa = PBXFileReference; fileEncoding = 4; lastKnownFileType = sourcecode.swift; path = LayerRLEParser.swift; sourceTree = "<group>"; };
		781235801C4537DC00985ED6 /* LayerZIPParser.swift */ = {isa = PBXFileReference; fileEncoding = 4; lastKnownFileType = sourcecode.swift; path = LayerZIPParser.swift; sourceTree = "<group>"; };
		781235811C4537DC00985ED6 /* RAWParser.swift */ = {isa = PBXFileReference; fileEncoding = 4; lastKnownFileType = sourcecode.swift; path = RAWParser.swift; sourceTree = "<group>"; };
		781235821C4537DC00985ED6 /* RLEParser.swift */ = {isa = PBXFileReference; fileEncoding = 4; lastKnownFileType = sourcecode.swift; path = RLEParser.swift; sourceTree = "<group>"; };
		781235831C4537DC00985ED6 /* ZIPParser.swift */ = {isa = PBXFileReference; fileEncoding = 4; lastKnownFileType = sourcecode.swift; path = ZIPParser.swift; sourceTree = "<group>"; };
		781235841C4537DC00985ED6 /* LayerRecord.swift */ = {isa = PBXFileReference; fileEncoding = 4; lastKnownFileType = sourcecode.swift; path = LayerRecord.swift; sourceTree = "<group>"; };
		781235871C4537DC00985ED6 /* Descriptor.swift */ = {isa = PBXFileReference; fileEncoding = 4; lastKnownFileType = sourcecode.swift; path = Descriptor.swift; sourceTree = "<group>"; };
		781235891C4537DC00985ED6 /* Logger.swift */ = {isa = PBXFileReference; fileEncoding = 4; lastKnownFileType = sourcecode.swift; path = Logger.swift; sourceTree = "<group>"; };
		7812358A1C4537DC00985ED6 /* PsdUtil.swift */ = {isa = PBXFileReference; fileEncoding = 4; lastKnownFileType = sourcecode.swift; path = PsdUtil.swift; sourceTree = "<group>"; };
		7830EA901C3AF1B80059DC06 /* StringExtension.swift */ = {isa = PBXFileReference; fileEncoding = 4; lastKnownFileType = sourcecode.swift; path = StringExtension.swift; sourceTree = "<group>"; };
		7838890E1C5693EE00417864 /* NSArrayExtension.swift */ = {isa = PBXFileReference; fileEncoding = 4; lastKnownFileType = sourcecode.swift; path = NSArrayExtension.swift; sourceTree = "<group>"; };
		7838890F1C5693EE00417864 /* NSMutableArrayExtension.swift */ = {isa = PBXFileReference; fileEncoding = 4; lastKnownFileType = sourcecode.swift; path = NSMutableArrayExtension.swift; sourceTree = "<group>"; };
		78448C0F1C4538820073B5B0 /* StringUtil.swift */ = {isa = PBXFileReference; fileEncoding = 4; lastKnownFileType = sourcecode.swift; path = StringUtil.swift; sourceTree = "<group>"; };
		78448C121C45525D0073B5B0 /* EngineData.swift */ = {isa = PBXFileReference; fileEncoding = 4; lastKnownFileType = sourcecode.swift; path = EngineData.swift; sourceTree = "<group>"; };
		78448C151C4552BD0073B5B0 /* TextLines.swift */ = {isa = PBXFileReference; fileEncoding = 4; lastKnownFileType = sourcecode.swift; path = TextLines.swift; sourceTree = "<group>"; };
		78448C181C455B4C0073B5B0 /* AbstractInstruction.swift */ = {isa = PBXFileReference; fileEncoding = 4; lastKnownFileType = sourcecode.swift; path = AbstractInstruction.swift; sourceTree = "<group>"; };
		78448C1E1C457C6D0073B5B0 /* RegExp.swift */ = {isa = PBXFileReference; fileEncoding = 4; lastKnownFileType = sourcecode.swift; path = RegExp.swift; sourceTree = "<group>"; };
		7876B8FC1C3442120016ABF2 /* psd.framework */ = {isa = PBXFileReference; explicitFileType = wrapper.framework; includeInIndex = 0; path = psd.framework; sourceTree = BUILT_PRODUCTS_DIR; };
		7876B9061C3442120016ABF2 /* psdiOSTest.xctest */ = {isa = PBXFileReference; explicitFileType = wrapper.cfbundle; includeInIndex = 0; path = psdiOSTest.xctest; sourceTree = BUILT_PRODUCTS_DIR; };
		7876B90B1C3442120016ABF2 /* psd_swiftTests.swift */ = {isa = PBXFileReference; lastKnownFileType = sourcecode.swift; path = psd_swiftTests.swift; sourceTree = "<group>"; };
		7876B90D1C3442120016ABF2 /* Info.plist */ = {isa = PBXFileReference; lastKnownFileType = text.plist.xml; path = Info.plist; sourceTree = "<group>"; };
		7876B91B1C34426D0016ABF2 /* psd.framework */ = {isa = PBXFileReference; explicitFileType = wrapper.framework; includeInIndex = 0; path = psd.framework; sourceTree = BUILT_PRODUCTS_DIR; };
		7876B9241C34426D0016ABF2 /* psdOSXTests.xctest */ = {isa = PBXFileReference; explicitFileType = wrapper.cfbundle; includeInIndex = 0; path = psdOSXTests.xctest; sourceTree = BUILT_PRODUCTS_DIR; };
		7876B9331C3442AA0016ABF2 /* Info.plist */ = {isa = PBXFileReference; lastKnownFileType = text.plist.xml; path = Info.plist; sourceTree = "<group>"; };
		7876B9341C3442AA0016ABF2 /* psd.swift.h */ = {isa = PBXFileReference; lastKnownFileType = sourcecode.c.h; path = psd.swift.h; sourceTree = "<group>"; };
		7876B9391C3443A90016ABF2 /* ByteArray.swift */ = {isa = PBXFileReference; fileEncoding = 4; lastKnownFileType = sourcecode.swift; path = ByteArray.swift; sourceTree = "<group>"; };
		7876B93A1C3443A90016ABF2 /* CompressionAlgorithm.swift */ = {isa = PBXFileReference; fileEncoding = 4; lastKnownFileType = sourcecode.swift; path = CompressionAlgorithm.swift; sourceTree = "<group>"; };
		7876B93B1C3443A90016ABF2 /* Endian.swift */ = {isa = PBXFileReference; fileEncoding = 4; lastKnownFileType = sourcecode.swift; path = Endian.swift; sourceTree = "<group>"; };
		7876B9421C3443DB0016ABF2 /* libz.tbd */ = {isa = PBXFileReference; lastKnownFileType = "sourcecode.text-based-dylib-definition"; name = libz.tbd; path = usr/lib/libz.tbd; sourceTree = SDKROOT; };
		7876B9441C3443E70016ABF2 /* libz.tbd */ = {isa = PBXFileReference; lastKnownFileType = "sourcecode.text-based-dylib-definition"; name = libz.tbd; path = Platforms/MacOSX.platform/Developer/SDKs/MacOSX10.11.sdk/usr/lib/libz.tbd; sourceTree = DEVELOPER_DIR; };
		7876B9461C3444710016ABF2 /* libcompression.tbd */ = {isa = PBXFileReference; lastKnownFileType = "sourcecode.text-based-dylib-definition"; name = libcompression.tbd; path = usr/lib/libcompression.tbd; sourceTree = SDKROOT; };
		7876B9481C3444780016ABF2 /* libcompression.tbd */ = {isa = PBXFileReference; lastKnownFileType = "sourcecode.text-based-dylib-definition"; name = libcompression.tbd; path = Platforms/MacOSX.platform/Developer/SDKs/MacOSX10.11.sdk/usr/lib/libcompression.tbd; sourceTree = DEVELOPER_DIR; };
		7876B94B1C3445100016ABF2 /* zlib */ = {isa = PBXFileReference; lastKnownFileType = folder; path = zlib; sourceTree = "<group>"; };
		78AEB2B71C46BD4900A7890E /* InstrBoolean.swift */ = {isa = PBXFileReference; fileEncoding = 4; lastKnownFileType = sourcecode.swift; path = InstrBoolean.swift; sourceTree = "<group>"; };
		78AEB2B81C46BD4900A7890E /* InstrEmpty.swift */ = {isa = PBXFileReference; fileEncoding = 4; lastKnownFileType = sourcecode.swift; path = InstrEmpty.swift; sourceTree = "<group>"; };
		78AEB2B91C46BD4900A7890E /* InstrMultiLineArrayEnd.swift */ = {isa = PBXFileReference; fileEncoding = 4; lastKnownFileType = sourcecode.swift; path = InstrMultiLineArrayEnd.swift; sourceTree = "<group>"; };
		78AEB2BA1C46BD4900A7890E /* InstrMultiLineArrayStart.swift */ = {isa = PBXFileReference; fileEncoding = 4; lastKnownFileType = sourcecode.swift; path = InstrMultiLineArrayStart.swift; sourceTree = "<group>"; };
		78AEB2BB1C46BD4900A7890E /* InstrNumber.swift */ = {isa = PBXFileReference; fileEncoding = 4; lastKnownFileType = sourcecode.swift; path = InstrNumber.swift; sourceTree = "<group>"; };
		78AEB2BC1C46BD4900A7890E /* InstrNumberWithDecimal.swift */ = {isa = PBXFileReference; fileEncoding = 4; lastKnownFileType = sourcecode.swift; path = InstrNumberWithDecimal.swift; sourceTree = "<group>"; };
		78AEB2BD1C46BD4900A7890E /* InstrObjectEnd.swift */ = {isa = PBXFileReference; fileEncoding = 4; lastKnownFileType = sourcecode.swift; path = InstrObjectEnd.swift; sourceTree = "<group>"; };
		78AEB2BE1C46BD4900A7890E /* InstrObjectStart.swift */ = {isa = PBXFileReference; fileEncoding = 4; lastKnownFileType = sourcecode.swift; path = InstrObjectStart.swift; sourceTree = "<group>"; };
		78AEB2BF1C46BD4900A7890E /* InstrProperty.swift */ = {isa = PBXFileReference; fileEncoding = 4; lastKnownFileType = sourcecode.swift; path = InstrProperty.swift; sourceTree = "<group>"; };
		78AEB2C01C46BD4900A7890E /* InstrPropertyWithData.swift */ = {isa = PBXFileReference; fileEncoding = 4; lastKnownFileType = sourcecode.swift; path = InstrPropertyWithData.swift; sourceTree = "<group>"; };
		78AEB2C11C46BD4900A7890E /* InstrSingleLineArray.swift */ = {isa = PBXFileReference; fileEncoding = 4; lastKnownFileType = sourcecode.swift; path = InstrSingleLineArray.swift; sourceTree = "<group>"; };
		78AEB2C21C46BD4900A7890E /* InstrString.swift */ = {isa = PBXFileReference; fileEncoding = 4; lastKnownFileType = sourcecode.swift; path = InstrString.swift; sourceTree = "<group>"; };
/* End PBXFileReference section */

/* Begin PBXFrameworksBuildPhase section */
		7876B8F81C3442120016ABF2 /* Frameworks */ = {
			isa = PBXFrameworksBuildPhase;
			buildActionMask = 2147483647;
			files = (
				7876B9471C3444710016ABF2 /* libcompression.tbd in Frameworks */,
				7876B9431C3443DB0016ABF2 /* libz.tbd in Frameworks */,
			);
			runOnlyForDeploymentPostprocessing = 0;
		};
		7876B9031C3442120016ABF2 /* Frameworks */ = {
			isa = PBXFrameworksBuildPhase;
			buildActionMask = 2147483647;
			files = (
				7876B9071C3442120016ABF2 /* psd.framework in Frameworks */,
			);
			runOnlyForDeploymentPostprocessing = 0;
		};
		7876B9171C34426D0016ABF2 /* Frameworks */ = {
			isa = PBXFrameworksBuildPhase;
			buildActionMask = 2147483647;
			files = (
				7876B9491C3444780016ABF2 /* libcompression.tbd in Frameworks */,
				7876B9451C3443E70016ABF2 /* libz.tbd in Frameworks */,
			);
			runOnlyForDeploymentPostprocessing = 0;
		};
		7876B9211C34426D0016ABF2 /* Frameworks */ = {
			isa = PBXFrameworksBuildPhase;
			buildActionMask = 2147483647;
			files = (
				7876B9251C34426D0016ABF2 /* psd.framework in Frameworks */,
			);
			runOnlyForDeploymentPostprocessing = 0;
		};
/* End PBXFrameworksBuildPhase section */

/* Begin PBXGroup section */
		781235501C4537DC00985ED6 /* fancynode */ = {
			isa = PBXGroup;
			children = (
				781235511C4537DC00985ED6 /* psd */,
			);
			path = fancynode;
			sourceTree = "<group>";
		};
		781235511C4537DC00985ED6 /* psd */ = {
			isa = PBXGroup;
			children = (
				781235DD1C45380900985ED6 /* enginedata */,
				781235521C4537DC00985ED6 /* core */,
				781235551C4537DC00985ED6 /* infos */,
				781235581C4537DC00985ED6 /* nodes */,
				781235591C4537DC00985ED6 /* renderer */,
				7812355B1C4537DC00985ED6 /* secitions */,
				781235861C4537DC00985ED6 /* structure */,
				781235881C4537DC00985ED6 /* utils */,
			);
			path = psd;
			sourceTree = "<group>";
		};
		781235521C4537DC00985ED6 /* core */ = {
			isa = PBXGroup;
			children = (
				781235531C4537DC00985ED6 /* AbstractLazyParser.swift */,
				781235541C4537DC00985ED6 /* PSDBytes.swift */,
			);
			path = core;
			sourceTree = "<group>";
		};
		781235551C4537DC00985ED6 /* infos */ = {
			isa = PBXGroup;
			children = (
				781235561C4537DC00985ED6 /* ChannelInfo.swift */,
				781235571C4537DC00985ED6 /* ChannelRenderData.swift */,
			);
			path = infos;
			sourceTree = "<group>";
		};
		781235581C4537DC00985ED6 /* nodes */ = {
			isa = PBXGroup;
			children = (
			);
			path = nodes;
			sourceTree = "<group>";
		};
		781235591C4537DC00985ED6 /* renderer */ = {
			isa = PBXGroup;
			children = (
				7812355A1C4537DC00985ED6 /* channelDataRenderer */,
			);
			path = renderer;
			sourceTree = "<group>";
		};
		7812355A1C4537DC00985ED6 /* channelDataRenderer */ = {
			isa = PBXGroup;
			children = (
			);
			path = channelDataRenderer;
			sourceTree = "<group>";
		};
		7812355B1C4537DC00985ED6 /* secitions */ = {
			isa = PBXGroup;
			children = (
				7812355C1C4537DC00985ED6 /* header */,
				781235601C4537DC00985ED6 /* imageData */,
				781235621C4537DC00985ED6 /* layerAndMask */,
				781235851C4537DC00985ED6 /* resource */,
			);
			path = secitions;
			sourceTree = "<group>";
		};
		7812355C1C4537DC00985ED6 /* header */ = {
			isa = PBXGroup;
			children = (
				7812355D1C4537DC00985ED6 /* ColorModeConsts.swift */,
				7812355E1C4537DC00985ED6 /* FileVersionConsts.swift */,
				7812355F1C4537DC00985ED6 /* Header.swift */,
			);
			path = header;
			sourceTree = "<group>";
		};
		781235601C4537DC00985ED6 /* imageData */ = {
			isa = PBXGroup;
			children = (
				781235611C4537DC00985ED6 /* ImageData.swift */,
			);
			path = imageData;
			sourceTree = "<group>";
		};
		781235621C4537DC00985ED6 /* layerAndMask */ = {
			isa = PBXGroup;
			children = (
				781235631C4537DC00985ED6 /* additionalLayerInfo */,
				7812357D1C4537DC00985ED6 /* channelParsers */,
				781235841C4537DC00985ED6 /* LayerRecord.swift */,
			);
			path = layerAndMask;
			sourceTree = "<group>";
		};
		781235631C4537DC00985ED6 /* additionalLayerInfo */ = {
			isa = PBXGroup;
			children = (
				781235641C4537DC00985ED6 /* AdditionalLayerInfo.swift */,
				781235651C4537DC00985ED6 /* AdditionalLayerInforFactory.swift */,
				781235661C4537DC00985ED6 /* core */,
				781235691C4537DC00985ED6 /* infos */,
			);
			path = additionalLayerInfo;
			sourceTree = "<group>";
		};
		781235661C4537DC00985ED6 /* core */ = {
			isa = PBXGroup;
			children = (
				781235671C4537DC00985ED6 /* AdditionalLayerInfoBase.swift */,
				781235681C4537DC00985ED6 /* IAdditionalLayerInfo.swift */,
			);
			path = core;
			sourceTree = "<group>";
		};
		781235691C4537DC00985ED6 /* infos */ = {
			isa = PBXGroup;
			children = (
				7812356A1C4537DC00985ED6 /* BlackWhite.swift */,
				7812356B1C4537DC00985ED6 /* BlendClippingElements.swift */,
				7812356C1C4537DC00985ED6 /* BlendInteriorElements.swift */,
				7812356D1C4537DC00985ED6 /* BrightnessContrast.swift */,
				7812356E1C4537DC00985ED6 /* ChannelMixer.swift */,
				7812356F1C4537DC00985ED6 /* ColorBalance.swift */,
				781235701C4537DC00985ED6 /* ColorLookup.swift */,
				781235711C4537DC00985ED6 /* ContentGenerator.swift */,
				781235721C4537DC00985ED6 /* Curves.swift */,
				781235731C4537DC00985ED6 /* Exposure.swift */,
				781235741C4537DC00985ED6 /* FillOpacity.swift */,
				781235751C4537DC00985ED6 /* GradientFill.swift */,
				781235761C4537DC00985ED6 /* GradientMap.swift */,
				781235771C4537DC00985ED6 /* HueSaturation.swift */,
				781235781C4537DC00985ED6 /* Invert.swift */,
				781235791C4537DC00985ED6 /* LayerID.swift */,
				7812357A1C4537DC00985ED6 /* LayerNameSource.swift */,
				7812357B1C4537DC00985ED6 /* LayerSectionDivider.swift */,
				7812357C1C4537DC00985ED6 /* TypeTool.swift */,
			);
			path = infos;
			sourceTree = "<group>";
		};
		7812357D1C4537DC00985ED6 /* channelParsers */ = {
			isa = PBXGroup;
			children = (
				7812357E1C4537DC00985ED6 /* LayerRAWParser.swift */,
				7812357F1C4537DC00985ED6 /* LayerRLEParser.swift */,
				781235801C4537DC00985ED6 /* LayerZIPParser.swift */,
				781235811C4537DC00985ED6 /* RAWParser.swift */,
				781235821C4537DC00985ED6 /* RLEParser.swift */,
				781235831C4537DC00985ED6 /* ZIPParser.swift */,
			);
			path = channelParsers;
			sourceTree = "<group>";
		};
		781235851C4537DC00985ED6 /* resource */ = {
			isa = PBXGroup;
			children = (
			);
			path = resource;
			sourceTree = "<group>";
		};
		781235861C4537DC00985ED6 /* structure */ = {
			isa = PBXGroup;
			children = (
				781235871C4537DC00985ED6 /* Descriptor.swift */,
			);
			path = structure;
			sourceTree = "<group>";
		};
		781235881C4537DC00985ED6 /* utils */ = {
			isa = PBXGroup;
			children = (
				781235891C4537DC00985ED6 /* Logger.swift */,
				7812358A1C4537DC00985ED6 /* PsdUtil.swift */,
				78448C0F1C4538820073B5B0 /* StringUtil.swift */,
			);
			path = utils;
			sourceTree = "<group>";
		};
		781235DD1C45380900985ED6 /* enginedata */ = {
			isa = PBXGroup;
			children = (
				781235DE1C45380900985ED6 /* instructions */,
				78448C121C45525D0073B5B0 /* EngineData.swift */,
				78448C151C4552BD0073B5B0 /* TextLines.swift */,
			);
			path = enginedata;
			sourceTree = "<group>";
		};
		781235DE1C45380900985ED6 /* instructions */ = {
			isa = PBXGroup;
			children = (
				78AEB2B71C46BD4900A7890E /* InstrBoolean.swift */,
				78AEB2B81C46BD4900A7890E /* InstrEmpty.swift */,
				78AEB2B91C46BD4900A7890E /* InstrMultiLineArrayEnd.swift */,
				78AEB2BA1C46BD4900A7890E /* InstrMultiLineArrayStart.swift */,
				78AEB2BB1C46BD4900A7890E /* InstrNumber.swift */,
				78AEB2BC1C46BD4900A7890E /* InstrNumberWithDecimal.swift */,
				78AEB2BD1C46BD4900A7890E /* InstrObjectEnd.swift */,
				78AEB2BE1C46BD4900A7890E /* InstrObjectStart.swift */,
				78AEB2BF1C46BD4900A7890E /* InstrProperty.swift */,
				78AEB2C01C46BD4900A7890E /* InstrPropertyWithData.swift */,
				78AEB2C11C46BD4900A7890E /* InstrSingleLineArray.swift */,
				78AEB2C21C46BD4900A7890E /* InstrString.swift */,
				78448C181C455B4C0073B5B0 /* AbstractInstruction.swift */,
			);
			path = instructions;
			sourceTree = "<group>";
		};
		7830EA881C3ADE0A0059DC06 /* com */ = {
			isa = PBXGroup;
			children = (
				781235501C4537DC00985ED6 /* fancynode */,
			);
			path = com;
			sourceTree = "<group>";
		};
		7830EA8F1C3AF17D0059DC06 /* extensions */ = {
			isa = PBXGroup;
			children = (
				7838890E1C5693EE00417864 /* NSArrayExtension.swift */,
				7838890F1C5693EE00417864 /* NSMutableArrayExtension.swift */,
				7830EA901C3AF1B80059DC06 /* StringExtension.swift */,
			);
			path = extensions;
			sourceTree = "<group>";
		};
		78448C1B1C456BB00073B5B0 /* builtin */ = {
			isa = PBXGroup;
			children = (
				78448C1E1C457C6D0073B5B0 /* RegExp.swift */,
			);
			path = builtin;
			sourceTree = "<group>";
		};
		7876B8F21C3442120016ABF2 = {
			isa = PBXGroup;
			children = (
				7876B94F1C34453C0016ABF2 /* OSXLibraries */,
				7876B94E1C3445310016ABF2 /* iOSLibraries */,
				7876B94A1C3444DA0016ABF2 /* Modules */,
				7876B90A1C3442120016ABF2 /* psd.swiftTests */,
				7876B8FD1C3442120016ABF2 /* Products */,
				7876B9321C3442AA0016ABF2 /* Source */,
			);
			sourceTree = "<group>";
		};
		7876B8FD1C3442120016ABF2 /* Products */ = {
			isa = PBXGroup;
			children = (
				7876B8FC1C3442120016ABF2 /* psd.framework */,
				7876B9061C3442120016ABF2 /* psdiOSTest.xctest */,
				7876B91B1C34426D0016ABF2 /* psd.framework */,
				7876B9241C34426D0016ABF2 /* psdOSXTests.xctest */,
			);
			name = Products;
			sourceTree = "<group>";
		};
		7876B90A1C3442120016ABF2 /* psd.swiftTests */ = {
			isa = PBXGroup;
			children = (
				7876B90B1C3442120016ABF2 /* psd_swiftTests.swift */,
				7876B90D1C3442120016ABF2 /* Info.plist */,
			);
			path = psd.swiftTests;
			sourceTree = "<group>";
		};
		7876B9321C3442AA0016ABF2 /* Source */ = {
			isa = PBXGroup;
			children = (
				7876B9331C3442AA0016ABF2 /* Info.plist */,
				7876B9341C3442AA0016ABF2 /* psd.swift.h */,
				7876B9371C3443A90016ABF2 /* flash */,
				7830EA881C3ADE0A0059DC06 /* com */,
			);
			path = Source;
			sourceTree = "<group>";
		};
		7876B9371C3443A90016ABF2 /* flash */ = {
			isa = PBXGroup;
			children = (
				78448C1B1C456BB00073B5B0 /* builtin */,
				7830EA8F1C3AF17D0059DC06 /* extensions */,
				7876B9381C3443A90016ABF2 /* utils */,
			);
			path = flash;
			sourceTree = "<group>";
		};
		7876B9381C3443A90016ABF2 /* utils */ = {
			isa = PBXGroup;
			children = (
				7876B9391C3443A90016ABF2 /* ByteArray.swift */,
				7876B93A1C3443A90016ABF2 /* CompressionAlgorithm.swift */,
				7876B93B1C3443A90016ABF2 /* Endian.swift */,
			);
			path = utils;
			sourceTree = "<group>";
		};
		7876B94A1C3444DA0016ABF2 /* Modules */ = {
			isa = PBXGroup;
			children = (
				7876B94B1C3445100016ABF2 /* zlib */,
			);
			name = Modules;
			sourceTree = "<group>";
		};
		7876B94E1C3445310016ABF2 /* iOSLibraries */ = {
			isa = PBXGroup;
			children = (
				7876B9461C3444710016ABF2 /* libcompression.tbd */,
				7876B9421C3443DB0016ABF2 /* libz.tbd */,
			);
			name = iOSLibraries;
			sourceTree = "<group>";
		};
		7876B94F1C34453C0016ABF2 /* OSXLibraries */ = {
			isa = PBXGroup;
			children = (
				7876B9481C3444780016ABF2 /* libcompression.tbd */,
				7876B9441C3443E70016ABF2 /* libz.tbd */,
			);
			name = OSXLibraries;
			sourceTree = "<group>";
		};
/* End PBXGroup section */

/* Begin PBXHeadersBuildPhase section */
		7876B8F91C3442120016ABF2 /* Headers */ = {
			isa = PBXHeadersBuildPhase;
			buildActionMask = 2147483647;
			files = (
				7876B9361C3442B40016ABF2 /* psd.swift.h in Headers */,
			);
			runOnlyForDeploymentPostprocessing = 0;
		};
		7876B9181C34426D0016ABF2 /* Headers */ = {
			isa = PBXHeadersBuildPhase;
			buildActionMask = 2147483647;
			files = (
				7876B9351C3442B30016ABF2 /* psd.swift.h in Headers */,
			);
			runOnlyForDeploymentPostprocessing = 0;
		};
/* End PBXHeadersBuildPhase section */

/* Begin PBXNativeTarget section */
		7876B8FB1C3442120016ABF2 /* psdiOS */ = {
			isa = PBXNativeTarget;
			buildConfigurationList = 7876B9101C3442120016ABF2 /* Build configuration list for PBXNativeTarget "psdiOS" */;
			buildPhases = (
				7876B8F71C3442120016ABF2 /* Sources */,
				7876B8F81C3442120016ABF2 /* Frameworks */,
				7876B8F91C3442120016ABF2 /* Headers */,
				7876B8FA1C3442120016ABF2 /* Resources */,
			);
			buildRules = (
			);
			dependencies = (
			);
			name = psdiOS;
			productName = psd.swift;
			productReference = 7876B8FC1C3442120016ABF2 /* psd.framework */;
			productType = "com.apple.product-type.framework";
		};
		7876B9051C3442120016ABF2 /* psdiOSTest */ = {
			isa = PBXNativeTarget;
			buildConfigurationList = 7876B9131C3442120016ABF2 /* Build configuration list for PBXNativeTarget "psdiOSTest" */;
			buildPhases = (
				7876B9021C3442120016ABF2 /* Sources */,
				7876B9031C3442120016ABF2 /* Frameworks */,
				7876B9041C3442120016ABF2 /* Resources */,
			);
			buildRules = (
			);
			dependencies = (
				7876B9091C3442120016ABF2 /* PBXTargetDependency */,
			);
			name = psdiOSTest;
			productName = psd.swiftTests;
			productReference = 7876B9061C3442120016ABF2 /* psdiOSTest.xctest */;
			productType = "com.apple.product-type.bundle.unit-test";
		};
		7876B91A1C34426D0016ABF2 /* psdOSX */ = {
			isa = PBXNativeTarget;
			buildConfigurationList = 7876B92C1C34426D0016ABF2 /* Build configuration list for PBXNativeTarget "psdOSX" */;
			buildPhases = (
				7876B9161C34426D0016ABF2 /* Sources */,
				7876B9171C34426D0016ABF2 /* Frameworks */,
				7876B9181C34426D0016ABF2 /* Headers */,
				7876B9191C34426D0016ABF2 /* Resources */,
			);
			buildRules = (
			);
			dependencies = (
			);
			name = psdOSX;
			productName = psdOSX;
			productReference = 7876B91B1C34426D0016ABF2 /* psd.framework */;
			productType = "com.apple.product-type.framework";
		};
		7876B9231C34426D0016ABF2 /* psdOSXTests */ = {
			isa = PBXNativeTarget;
			buildConfigurationList = 7876B92F1C34426D0016ABF2 /* Build configuration list for PBXNativeTarget "psdOSXTests" */;
			buildPhases = (
				7876B9201C34426D0016ABF2 /* Sources */,
				7876B9211C34426D0016ABF2 /* Frameworks */,
				7876B9221C34426D0016ABF2 /* Resources */,
			);
			buildRules = (
			);
			dependencies = (
				7876B9271C34426D0016ABF2 /* PBXTargetDependency */,
			);
			name = psdOSXTests;
			productName = psdOSXTests;
			productReference = 7876B9241C34426D0016ABF2 /* psdOSXTests.xctest */;
			productType = "com.apple.product-type.bundle.unit-test";
		};
/* End PBXNativeTarget section */

/* Begin PBXProject section */
		7876B8F31C3442120016ABF2 /* Project object */ = {
			isa = PBXProject;
			attributes = {
				LastSwiftUpdateCheck = 0720;
				LastUpgradeCheck = 0720;
				ORGANIZATIONNAME = fancynode;
				TargetAttributes = {
					7876B8FB1C3442120016ABF2 = {
						CreatedOnToolsVersion = 7.2;
						DevelopmentTeam = P463XNJM57;
					};
					7876B9051C3442120016ABF2 = {
						CreatedOnToolsVersion = 7.2;
						DevelopmentTeam = P463XNJM57;
					};
					7876B91A1C34426D0016ABF2 = {
						CreatedOnToolsVersion = 7.2;
					};
					7876B9231C34426D0016ABF2 = {
						CreatedOnToolsVersion = 7.2;
					};
				};
			};
			buildConfigurationList = 7876B8F61C3442120016ABF2 /* Build configuration list for PBXProject "psd.swift" */;
			compatibilityVersion = "Xcode 3.2";
			developmentRegion = English;
			hasScannedForEncodings = 0;
			knownRegions = (
				en,
			);
			mainGroup = 7876B8F21C3442120016ABF2;
			productRefGroup = 7876B8FD1C3442120016ABF2 /* Products */;
			projectDirPath = "";
			projectRoot = "";
			targets = (
				7876B8FB1C3442120016ABF2 /* psdiOS */,
				7876B9051C3442120016ABF2 /* psdiOSTest */,
				7876B91A1C34426D0016ABF2 /* psdOSX */,
				7876B9231C34426D0016ABF2 /* psdOSXTests */,
			);
		};
/* End PBXProject section */

/* Begin PBXResourcesBuildPhase section */
		7876B8FA1C3442120016ABF2 /* Resources */ = {
			isa = PBXResourcesBuildPhase;
			buildActionMask = 2147483647;
			files = (
				7876B94C1C3445100016ABF2 /* zlib in Resources */,
			);
			runOnlyForDeploymentPostprocessing = 0;
		};
		7876B9041C3442120016ABF2 /* Resources */ = {
			isa = PBXResourcesBuildPhase;
			buildActionMask = 2147483647;
			files = (
			);
			runOnlyForDeploymentPostprocessing = 0;
		};
		7876B9191C34426D0016ABF2 /* Resources */ = {
			isa = PBXResourcesBuildPhase;
			buildActionMask = 2147483647;
			files = (
				7876B94D1C3445100016ABF2 /* zlib in Resources */,
			);
			runOnlyForDeploymentPostprocessing = 0;
		};
		7876B9221C34426D0016ABF2 /* Resources */ = {
			isa = PBXResourcesBuildPhase;
			buildActionMask = 2147483647;
			files = (
			);
			runOnlyForDeploymentPostprocessing = 0;
		};
/* End PBXResourcesBuildPhase section */

/* Begin PBXSourcesBuildPhase section */
		7876B8F71C3442120016ABF2 /* Sources */ = {
			isa = PBXSourcesBuildPhase;
			buildActionMask = 2147483647;
			files = (
				781235D51C4537DC00985ED6 /* LayerRecord.swift in Sources */,
				781235B31C4537DC00985ED6 /* Curves.swift in Sources */,
				78AEB2C51C46BD4900A7890E /* InstrEmpty.swift in Sources */,
				781235A11C4537DC00985ED6 /* IAdditionalLayerInfo.swift in Sources */,
				7876B93E1C3443A90016ABF2 /* CompressionAlgorithm.swift in Sources */,
				7812358D1C4537DC00985ED6 /* PSDBytes.swift in Sources */,
				781235CB1C4537DC00985ED6 /* LayerRLEParser.swift in Sources */,
				7876B93C1C3443A90016ABF2 /* ByteArray.swift in Sources */,
				7830EA911C3AF1B80059DC06 /* StringExtension.swift in Sources */,
				781235BD1C4537DC00985ED6 /* HueSaturation.swift in Sources */,
				78AEB2D11C46BD4900A7890E /* InstrObjectStart.swift in Sources */,
				783889101C5693EE00417864 /* NSArrayExtension.swift in Sources */,
				78AEB2CF1C46BD4900A7890E /* InstrObjectEnd.swift in Sources */,
				781235C31C4537DC00985ED6 /* LayerNameSource.swift in Sources */,
				78AEB2C91C46BD4900A7890E /* InstrMultiLineArrayStart.swift in Sources */,
				781235B51C4537DC00985ED6 /* Exposure.swift in Sources */,
				781235A31C4537DC00985ED6 /* BlackWhite.swift in Sources */,
				781235BB1C4537DC00985ED6 /* GradientMap.swift in Sources */,
				781235C91C4537DC00985ED6 /* LayerRAWParser.swift in Sources */,
				781235A91C4537DC00985ED6 /* BrightnessContrast.swift in Sources */,
				78AEB2D31C46BD4900A7890E /* InstrProperty.swift in Sources */,
				781235A71C4537DC00985ED6 /* BlendInteriorElements.swift in Sources */,
				781235B91C4537DC00985ED6 /* GradientFill.swift in Sources */,
				78AEB2CD1C46BD4900A7890E /* InstrNumberWithDecimal.swift in Sources */,
				78AEB2D91C46BD4900A7890E /* InstrString.swift in Sources */,
				781235951C4537DC00985ED6 /* FileVersionConsts.swift in Sources */,
				781235B71C4537DC00985ED6 /* FillOpacity.swift in Sources */,
				781235BF1C4537DC00985ED6 /* Invert.swift in Sources */,
				781235CF1C4537DC00985ED6 /* RAWParser.swift in Sources */,
				78AEB2C31C46BD4900A7890E /* InstrBoolean.swift in Sources */,
				781235971C4537DC00985ED6 /* Header.swift in Sources */,
				783889121C5693EE00417864 /* NSMutableArrayExtension.swift in Sources */,
				781235DB1C4537DC00985ED6 /* PsdUtil.swift in Sources */,
				7812358B1C4537DC00985ED6 /* AbstractLazyParser.swift in Sources */,
				781235D91C4537DC00985ED6 /* Logger.swift in Sources */,
				78448C191C455B4C0073B5B0 /* AbstractInstruction.swift in Sources */,
				78AEB2D51C46BD4900A7890E /* InstrPropertyWithData.swift in Sources */,
				78448C131C45525D0073B5B0 /* EngineData.swift in Sources */,
				781235C11C4537DC00985ED6 /* LayerID.swift in Sources */,
				78AEB2CB1C46BD4900A7890E /* InstrNumber.swift in Sources */,
				78448C1F1C457C6D0073B5B0 /* RegExp.swift in Sources */,
				781235911C4537DC00985ED6 /* ChannelRenderData.swift in Sources */,
				781235D71C4537DC00985ED6 /* Descriptor.swift in Sources */,
				78448C101C4538820073B5B0 /* StringUtil.swift in Sources */,
				781235AF1C4537DC00985ED6 /* ColorLookup.swift in Sources */,
				781235CD1C4537DC00985ED6 /* LayerZIPParser.swift in Sources */,
				7812359D1C4537DC00985ED6 /* AdditionalLayerInforFactory.swift in Sources */,
				781235C51C4537DC00985ED6 /* LayerSectionDivider.swift in Sources */,
				781235AB1C4537DC00985ED6 /* ChannelMixer.swift in Sources */,
				7812359F1C4537DC00985ED6 /* AdditionalLayerInfoBase.swift in Sources */,
				781235A51C4537DC00985ED6 /* BlendClippingElements.swift in Sources */,
				781235AD1C4537DC00985ED6 /* ColorBalance.swift in Sources */,
				78AEB2C71C46BD4900A7890E /* InstrMultiLineArrayEnd.swift in Sources */,
				7812358F1C4537DC00985ED6 /* ChannelInfo.swift in Sources */,
				781235B11C4537DC00985ED6 /* ContentGenerator.swift in Sources */,
				781235D11C4537DC00985ED6 /* RLEParser.swift in Sources */,
				781235931C4537DC00985ED6 /* ColorModeConsts.swift in Sources */,
				78AEB2D71C46BD4900A7890E /* InstrSingleLineArray.swift in Sources */,
				78448C161C4552BD0073B5B0 /* TextLines.swift in Sources */,
				781235C71C4537DC00985ED6 /* TypeTool.swift in Sources */,
				7876B9401C3443A90016ABF2 /* Endian.swift in Sources */,
				781235D31C4537DC00985ED6 /* ZIPParser.swift in Sources */,
				7812359B1C4537DC00985ED6 /* AdditionalLayerInfo.swift in Sources */,
				781235991C4537DC00985ED6 /* ImageData.swift in Sources */,
			);
			runOnlyForDeploymentPostprocessing = 0;
		};
		7876B9021C3442120016ABF2 /* Sources */ = {
			isa = PBXSourcesBuildPhase;
			buildActionMask = 2147483647;
			files = (
				7876B90C1C3442120016ABF2 /* psd_swiftTests.swift in Sources */,
			);
			runOnlyForDeploymentPostprocessing = 0;
		};
		7876B9161C34426D0016ABF2 /* Sources */ = {
			isa = PBXSourcesBuildPhase;
			buildActionMask = 2147483647;
			files = (
				781235D61C4537DC00985ED6 /* LayerRecord.swift in Sources */,
				781235B41C4537DC00985ED6 /* Curves.swift in Sources */,
				78AEB2C61C46BD4900A7890E /* InstrEmpty.swift in Sources */,
				781235A21C4537DC00985ED6 /* IAdditionalLayerInfo.swift in Sources */,
				7876B93F1C3443A90016ABF2 /* CompressionAlgorithm.swift in Sources */,
				7812358E1C4537DC00985ED6 /* PSDBytes.swift in Sources */,
				781235CC1C4537DC00985ED6 /* LayerRLEParser.swift in Sources */,
				7876B93D1C3443A90016ABF2 /* ByteArray.swift in Sources */,
				7830EA921C3AF1B80059DC06 /* StringExtension.swift in Sources */,
				781235BE1C4537DC00985ED6 /* HueSaturation.swift in Sources */,
				78AEB2D21C46BD4900A7890E /* InstrObjectStart.swift in Sources */,
				783889111C5693EE00417864 /* NSArrayExtension.swift in Sources */,
				78AEB2D01C46BD4900A7890E /* InstrObjectEnd.swift in Sources */,
				781235C41C4537DC00985ED6 /* LayerNameSource.swift in Sources */,
				78AEB2CA1C46BD4900A7890E /* InstrMultiLineArrayStart.swift in Sources */,
				781235B61C4537DC00985ED6 /* Exposure.swift in Sources */,
				781235A41C4537DC00985ED6 /* BlackWhite.swift in Sources */,
				781235BC1C4537DC00985ED6 /* GradientMap.swift in Sources */,
				781235CA1C4537DC00985ED6 /* LayerRAWParser.swift in Sources */,
				781235AA1C4537DC00985ED6 /* BrightnessContrast.swift in Sources */,
				78AEB2D41C46BD4900A7890E /* InstrProperty.swift in Sources */,
				781235A81C4537DC00985ED6 /* BlendInteriorElements.swift in Sources */,
				781235BA1C4537DC00985ED6 /* GradientFill.swift in Sources */,
				78AEB2CE1C46BD4900A7890E /* InstrNumberWithDecimal.swift in Sources */,
				78AEB2DA1C46BD4900A7890E /* InstrString.swift in Sources */,
				781235961C4537DC00985ED6 /* FileVersionConsts.swift in Sources */,
				781235B81C4537DC00985ED6 /* FillOpacity.swift in Sources */,
				781235C01C4537DC00985ED6 /* Invert.swift in Sources */,
				781235D01C4537DC00985ED6 /* RAWParser.swift in Sources */,
				78AEB2C41C46BD4900A7890E /* InstrBoolean.swift in Sources */,
				781235981C4537DC00985ED6 /* Header.swift in Sources */,
				783889131C5693EE00417864 /* NSMutableArrayExtension.swift in Sources */,
				781235DC1C4537DC00985ED6 /* PsdUtil.swift in Sources */,
				7812358C1C4537DC00985ED6 /* AbstractLazyParser.swift in Sources */,
				781235DA1C4537DC00985ED6 /* Logger.swift in Sources */,
				78448C1A1C455B4C0073B5B0 /* AbstractInstruction.swift in Sources */,
				78AEB2D61C46BD4900A7890E /* InstrPropertyWithData.swift in Sources */,
				78448C141C45525D0073B5B0 /* EngineData.swift in Sources */,
				781235C21C4537DC00985ED6 /* LayerID.swift in Sources */,
				78AEB2CC1C46BD4900A7890E /* InstrNumber.swift in Sources */,
				78448C201C457C6D0073B5B0 /* RegExp.swift in Sources */,
				781235921C4537DC00985ED6 /* ChannelRenderData.swift in Sources */,
				781235D81C4537DC00985ED6 /* Descriptor.swift in Sources */,
				78448C111C4538820073B5B0 /* StringUtil.swift in Sources */,
				781235B01C4537DC00985ED6 /* ColorLookup.swift in Sources */,
				781235CE1C4537DC00985ED6 /* LayerZIPParser.swift in Sources */,
				7812359E1C4537DC00985ED6 /* AdditionalLayerInforFactory.swift in Sources */,
				781235C61C4537DC00985ED6 /* LayerSectionDivider.swift in Sources */,
				781235AC1C4537DC00985ED6 /* ChannelMixer.swift in Sources */,
				781235A01C4537DC00985ED6 /* AdditionalLayerInfoBase.swift in Sources */,
				781235A61C4537DC00985ED6 /* BlendClippingElements.swift in Sources */,
				781235AE1C4537DC00985ED6 /* ColorBalance.swift in Sources */,
				78AEB2C81C46BD4900A7890E /* InstrMultiLineArrayEnd.swift in Sources */,
				781235901C4537DC00985ED6 /* ChannelInfo.swift in Sources */,
				781235B21C4537DC00985ED6 /* ContentGenerator.swift in Sources */,
				781235D21C4537DC00985ED6 /* RLEParser.swift in Sources */,
				781235941C4537DC00985ED6 /* ColorModeConsts.swift in Sources */,
				78AEB2D81C46BD4900A7890E /* InstrSingleLineArray.swift in Sources */,
				78448C171C4552BD0073B5B0 /* TextLines.swift in Sources */,
				781235C81C4537DC00985ED6 /* TypeTool.swift in Sources */,
				7876B9411C3443A90016ABF2 /* Endian.swift in Sources */,
				781235D41C4537DC00985ED6 /* ZIPParser.swift in Sources */,
				7812359C1C4537DC00985ED6 /* AdditionalLayerInfo.swift in Sources */,
				7812359A1C4537DC00985ED6 /* ImageData.swift in Sources */,
			);
			runOnlyForDeploymentPostprocessing = 0;
		};
		7876B9201C34426D0016ABF2 /* Sources */ = {
			isa = PBXSourcesBuildPhase;
			buildActionMask = 2147483647;
			files = (
			);
			runOnlyForDeploymentPostprocessing = 0;
		};
/* End PBXSourcesBuildPhase section */

/* Begin PBXTargetDependency section */
		7876B9091C3442120016ABF2 /* PBXTargetDependency */ = {
			isa = PBXTargetDependency;
			target = 7876B8FB1C3442120016ABF2 /* psdiOS */;
			targetProxy = 7876B9081C3442120016ABF2 /* PBXContainerItemProxy */;
		};
		7876B9271C34426D0016ABF2 /* PBXTargetDependency */ = {
			isa = PBXTargetDependency;
			target = 7876B91A1C34426D0016ABF2 /* psdOSX */;
			targetProxy = 7876B9261C34426D0016ABF2 /* PBXContainerItemProxy */;
		};
/* End PBXTargetDependency section */

/* Begin XCBuildConfiguration section */
		7876B90E1C3442120016ABF2 /* Debug */ = {
			isa = XCBuildConfiguration;
			buildSettings = {
				ALWAYS_SEARCH_USER_PATHS = NO;
				CLANG_CXX_LANGUAGE_STANDARD = "gnu++0x";
				CLANG_CXX_LIBRARY = "libc++";
				CLANG_ENABLE_MODULES = YES;
				CLANG_ENABLE_OBJC_ARC = YES;
				CLANG_WARN_BOOL_CONVERSION = YES;
				CLANG_WARN_CONSTANT_CONVERSION = YES;
				CLANG_WARN_DIRECT_OBJC_ISA_USAGE = YES_ERROR;
				CLANG_WARN_EMPTY_BODY = YES;
				CLANG_WARN_ENUM_CONVERSION = YES;
				CLANG_WARN_INT_CONVERSION = YES;
				CLANG_WARN_OBJC_ROOT_CLASS = YES_ERROR;
				CLANG_WARN_UNREACHABLE_CODE = YES;
				CLANG_WARN__DUPLICATE_METHOD_MATCH = YES;
				"CODE_SIGN_IDENTITY[sdk=iphoneos*]" = "iPhone Developer";
				COPY_PHASE_STRIP = NO;
				CURRENT_PROJECT_VERSION = 1;
				DEBUG_INFORMATION_FORMAT = dwarf;
				ENABLE_STRICT_OBJC_MSGSEND = YES;
				ENABLE_TESTABILITY = YES;
				GCC_C_LANGUAGE_STANDARD = gnu99;
				GCC_DYNAMIC_NO_PIC = NO;
				GCC_NO_COMMON_BLOCKS = YES;
				GCC_OPTIMIZATION_LEVEL = 0;
				GCC_PREPROCESSOR_DEFINITIONS = (
					"DEBUG=1",
					"$(inherited)",
				);
				GCC_WARN_64_TO_32_BIT_CONVERSION = YES;
				GCC_WARN_ABOUT_RETURN_TYPE = YES_ERROR;
				GCC_WARN_UNDECLARED_SELECTOR = YES;
				GCC_WARN_UNINITIALIZED_AUTOS = YES_AGGRESSIVE;
				GCC_WARN_UNUSED_FUNCTION = YES;
				GCC_WARN_UNUSED_VARIABLE = YES;
				IPHONEOS_DEPLOYMENT_TARGET = 9.2;
				MTL_ENABLE_DEBUG_INFO = YES;
				ONLY_ACTIVE_ARCH = YES;
				SDKROOT = iphoneos;
				SWIFT_OPTIMIZATION_LEVEL = "-Onone";
				TARGETED_DEVICE_FAMILY = "1,2";
				VERSIONING_SYSTEM = "apple-generic";
				VERSION_INFO_PREFIX = "";
			};
			name = Debug;
		};
		7876B90F1C3442120016ABF2 /* Release */ = {
			isa = XCBuildConfiguration;
			buildSettings = {
				ALWAYS_SEARCH_USER_PATHS = NO;
				CLANG_CXX_LANGUAGE_STANDARD = "gnu++0x";
				CLANG_CXX_LIBRARY = "libc++";
				CLANG_ENABLE_MODULES = YES;
				CLANG_ENABLE_OBJC_ARC = YES;
				CLANG_WARN_BOOL_CONVERSION = YES;
				CLANG_WARN_CONSTANT_CONVERSION = YES;
				CLANG_WARN_DIRECT_OBJC_ISA_USAGE = YES_ERROR;
				CLANG_WARN_EMPTY_BODY = YES;
				CLANG_WARN_ENUM_CONVERSION = YES;
				CLANG_WARN_INT_CONVERSION = YES;
				CLANG_WARN_OBJC_ROOT_CLASS = YES_ERROR;
				CLANG_WARN_UNREACHABLE_CODE = YES;
				CLANG_WARN__DUPLICATE_METHOD_MATCH = YES;
				"CODE_SIGN_IDENTITY[sdk=iphoneos*]" = "iPhone Developer";
				COPY_PHASE_STRIP = NO;
				CURRENT_PROJECT_VERSION = 1;
				DEBUG_INFORMATION_FORMAT = "dwarf-with-dsym";
				ENABLE_NS_ASSERTIONS = NO;
				ENABLE_STRICT_OBJC_MSGSEND = YES;
				GCC_C_LANGUAGE_STANDARD = gnu99;
				GCC_NO_COMMON_BLOCKS = YES;
				GCC_WARN_64_TO_32_BIT_CONVERSION = YES;
				GCC_WARN_ABOUT_RETURN_TYPE = YES_ERROR;
				GCC_WARN_UNDECLARED_SELECTOR = YES;
				GCC_WARN_UNINITIALIZED_AUTOS = YES_AGGRESSIVE;
				GCC_WARN_UNUSED_FUNCTION = YES;
				GCC_WARN_UNUSED_VARIABLE = YES;
				IPHONEOS_DEPLOYMENT_TARGET = 9.2;
				MTL_ENABLE_DEBUG_INFO = NO;
				SDKROOT = iphoneos;
				TARGETED_DEVICE_FAMILY = "1,2";
				VALIDATE_PRODUCT = YES;
				VERSIONING_SYSTEM = "apple-generic";
				VERSION_INFO_PREFIX = "";
			};
			name = Release;
		};
		7876B9111C3442120016ABF2 /* Debug */ = {
			isa = XCBuildConfiguration;
			buildSettings = {
				DEFINES_MODULE = YES;
				DYLIB_COMPATIBILITY_VERSION = 1;
				DYLIB_CURRENT_VERSION = 1;
				DYLIB_INSTALL_NAME_BASE = "@rpath";
				INFOPLIST_FILE = Source/Info.plist;
				INSTALL_PATH = "$(LOCAL_LIBRARY_DIR)/Frameworks";
				LD_RUNPATH_SEARCH_PATHS = "$(inherited) @executable_path/Frameworks @loader_path/Frameworks";
				PRODUCT_BUNDLE_IDENTIFIER = "com.fancynode.psd-swift";
				PRODUCT_NAME = psd;
				SKIP_INSTALL = YES;
				SWIFT_INCLUDE_PATHS = zlib;
			};
			name = Debug;
		};
		7876B9121C3442120016ABF2 /* Release */ = {
			isa = XCBuildConfiguration;
			buildSettings = {
				DEFINES_MODULE = YES;
				DYLIB_COMPATIBILITY_VERSION = 1;
				DYLIB_CURRENT_VERSION = 1;
				DYLIB_INSTALL_NAME_BASE = "@rpath";
				INFOPLIST_FILE = Source/Info.plist;
				INSTALL_PATH = "$(LOCAL_LIBRARY_DIR)/Frameworks";
				LD_RUNPATH_SEARCH_PATHS = "$(inherited) @executable_path/Frameworks @loader_path/Frameworks";
				PRODUCT_BUNDLE_IDENTIFIER = "com.fancynode.psd-swift";
				PRODUCT_NAME = psd;
				SKIP_INSTALL = YES;
				SWIFT_INCLUDE_PATHS = zlib;
			};
			name = Release;
		};
		7876B9141C3442120016ABF2 /* Debug */ = {
			isa = XCBuildConfiguration;
			buildSettings = {
				INFOPLIST_FILE = psd.swiftTests/Info.plist;
				LD_RUNPATH_SEARCH_PATHS = "$(inherited) @executable_path/Frameworks @loader_path/Frameworks";
				PRODUCT_BUNDLE_IDENTIFIER = "com.fancynode.psd-swiftTests";
				PRODUCT_NAME = "$(TARGET_NAME)";
			};
			name = Debug;
		};
		7876B9151C3442120016ABF2 /* Release */ = {
			isa = XCBuildConfiguration;
			buildSettings = {
				INFOPLIST_FILE = psd.swiftTests/Info.plist;
				LD_RUNPATH_SEARCH_PATHS = "$(inherited) @executable_path/Frameworks @loader_path/Frameworks";
				PRODUCT_BUNDLE_IDENTIFIER = "com.fancynode.psd-swiftTests";
				PRODUCT_NAME = "$(TARGET_NAME)";
			};
			name = Release;
		};
		7876B92D1C34426D0016ABF2 /* Debug */ = {
			isa = XCBuildConfiguration;
			buildSettings = {
				CODE_SIGN_IDENTITY = "-";
				COMBINE_HIDPI_IMAGES = YES;
				DEFINES_MODULE = YES;
				DYLIB_COMPATIBILITY_VERSION = 1;
				DYLIB_CURRENT_VERSION = 1;
				DYLIB_INSTALL_NAME_BASE = "@rpath";
				FRAMEWORK_VERSION = A;
				INFOPLIST_FILE = Source/Info.plist;
				INSTALL_PATH = "$(LOCAL_LIBRARY_DIR)/Frameworks";
				LD_RUNPATH_SEARCH_PATHS = "$(inherited) @executable_path/../Frameworks @loader_path/Frameworks";
				MACOSX_DEPLOYMENT_TARGET = 10.11;
				PRODUCT_BUNDLE_IDENTIFIER = com.fancynode.psdOSX;
				PRODUCT_NAME = psd;
				SDKROOT = macosx;
				SKIP_INSTALL = YES;
				SWIFT_INCLUDE_PATHS = zlib;
			};
			name = Debug;
		};
		7876B92E1C34426D0016ABF2 /* Release */ = {
			isa = XCBuildConfiguration;
			buildSettings = {
				CODE_SIGN_IDENTITY = "-";
				COMBINE_HIDPI_IMAGES = YES;
				DEFINES_MODULE = YES;
				DYLIB_COMPATIBILITY_VERSION = 1;
				DYLIB_CURRENT_VERSION = 1;
				DYLIB_INSTALL_NAME_BASE = "@rpath";
				FRAMEWORK_VERSION = A;
				INFOPLIST_FILE = Source/Info.plist;
				INSTALL_PATH = "$(LOCAL_LIBRARY_DIR)/Frameworks";
				LD_RUNPATH_SEARCH_PATHS = "$(inherited) @executable_path/../Frameworks @loader_path/Frameworks";
				MACOSX_DEPLOYMENT_TARGET = 10.11;
				PRODUCT_BUNDLE_IDENTIFIER = com.fancynode.psdOSX;
				PRODUCT_NAME = psd;
				SDKROOT = macosx;
				SKIP_INSTALL = YES;
				SWIFT_INCLUDE_PATHS = zlib;
			};
			name = Release;
		};
		7876B9301C34426D0016ABF2 /* Debug */ = {
			isa = XCBuildConfiguration;
			buildSettings = {
				CODE_SIGN_IDENTITY = "-";
				COMBINE_HIDPI_IMAGES = YES;
				INFOPLIST_FILE = psdOSXTests/Info.plist;
				LD_RUNPATH_SEARCH_PATHS = "$(inherited) @executable_path/../Frameworks @loader_path/../Frameworks";
				MACOSX_DEPLOYMENT_TARGET = 10.11;
				PRODUCT_BUNDLE_IDENTIFIER = com.fancynode.psdOSXTests;
				PRODUCT_NAME = "$(TARGET_NAME)";
				SDKROOT = macosx;
			};
			name = Debug;
		};
		7876B9311C34426D0016ABF2 /* Release */ = {
			isa = XCBuildConfiguration;
			buildSettings = {
				CODE_SIGN_IDENTITY = "-";
				COMBINE_HIDPI_IMAGES = YES;
				INFOPLIST_FILE = psdOSXTests/Info.plist;
				LD_RUNPATH_SEARCH_PATHS = "$(inherited) @executable_path/../Frameworks @loader_path/../Frameworks";
				MACOSX_DEPLOYMENT_TARGET = 10.11;
				PRODUCT_BUNDLE_IDENTIFIER = com.fancynode.psdOSXTests;
				PRODUCT_NAME = "$(TARGET_NAME)";
				SDKROOT = macosx;
			};
			name = Release;
		};
/* End XCBuildConfiguration section */

/* Begin XCConfigurationList section */
		7876B8F61C3442120016ABF2 /* Build configuration list for PBXProject "psd.swift" */ = {
			isa = XCConfigurationList;
			buildConfigurations = (
				7876B90E1C3442120016ABF2 /* Debug */,
				7876B90F1C3442120016ABF2 /* Release */,
			);
			defaultConfigurationIsVisible = 0;
			defaultConfigurationName = Release;
		};
		7876B9101C3442120016ABF2 /* Build configuration list for PBXNativeTarget "psdiOS" */ = {
			isa = XCConfigurationList;
			buildConfigurations = (
				7876B9111C3442120016ABF2 /* Debug */,
				7876B9121C3442120016ABF2 /* Release */,
			);
			defaultConfigurationIsVisible = 0;
			defaultConfigurationName = Release;
		};
		7876B9131C3442120016ABF2 /* Build configuration list for PBXNativeTarget "psdiOSTest" */ = {
			isa = XCConfigurationList;
			buildConfigurations = (
				7876B9141C3442120016ABF2 /* Debug */,
				7876B9151C3442120016ABF2 /* Release */,
			);
			defaultConfigurationIsVisible = 0;
			defaultConfigurationName = Release;
		};
		7876B92C1C34426D0016ABF2 /* Build configuration list for PBXNativeTarget "psdOSX" */ = {
			isa = XCConfigurationList;
			buildConfigurations = (
				7876B92D1C34426D0016ABF2 /* Debug */,
				7876B92E1C34426D0016ABF2 /* Release */,
			);
			defaultConfigurationIsVisible = 0;
			defaultConfigurationName = Release;
		};
		7876B92F1C34426D0016ABF2 /* Build configuration list for PBXNativeTarget "psdOSXTests" */ = {
			isa = XCConfigurationList;
			buildConfigurations = (
				7876B9301C34426D0016ABF2 /* Debug */,
				7876B9311C34426D0016ABF2 /* Release */,
			);
			defaultConfigurationIsVisible = 0;
			defaultConfigurationName = Release;
		};
/* End XCConfigurationList section */
	};
	rootObject = 7876B8F31C3442120016ABF2 /* Project object */;
}
